
Microsoft Visual Studio Solution File, Format Version 12.00
# Visual Studio Version 17
VisualStudioVersion = 17.0.31903.59
MinimumVisualStudioVersion = 10.0.40219.1
Project("{2150E333-8FDC-42A3-9474-1A3956D46DE8}") = "src", "src", "{C8E370D6-4056-4C70-B13C-80268E885274}"
EndProject
Project("{FAE04EC0-301F-11D3-BF4B-00C04F79EFBC}") = "API", "src\API\API.csproj", "{326CD2B2-5B4B-4AB5-A4E9-98A941F1D687}"
EndProject
Project("{FAE04EC0-301F-11D3-BF4B-00C04F79EFBC}") = "Worker", "src\Worker\Worker.csproj", "{7BD7E45E-F1AC-48C0-98C9-B01492F579ED}"
EndProject
Project("{2150E333-8FDC-42A3-9474-1A3956D46DE8}") = "FileStreamer", "FileStreamer", "{60C43979-85A2-4A5B-96EF-C3DEFF375ED1}"
EndProject
Project("{FAE04EC0-301F-11D3-BF4B-00C04F79EFBC}") = "FileStreamer.Core", "src\FileStreamer\FileStreamer.Core\FileStreamer.Core.csproj", "{1E610DE0-AD77-4DDF-82C3-B99D7ED7F93F}"
EndProject
Project("{FAE04EC0-301F-11D3-BF4B-00C04F79EFBC}") = "FileStreamer.Contracts", "src\FileStreamer\FileStreamer.Contracts\FileStreamer.Contracts.csproj", "{5B799C05-6C27-4BFC-A6A1-123BC182B457}"
EndProject
Project("{2150E333-8FDC-42A3-9474-1A3956D46DE8}") = "Users", "Users", "{8D513954-7607-470B-A21C-B4BBFE353F1A}"
EndProject
Project("{FAE04EC0-301F-11D3-BF4B-00C04F79EFBC}") = "Users.Contracts", "src\Users\Users.Contracts\Users.Contracts.csproj", "{29CB5058-CEBA-4BF3-B4C3-DA5770CB66F0}"
EndProject
Project("{FAE04EC0-301F-11D3-BF4B-00C04F79EFBC}") = "Users.Core", "src\Users\Users.Core\Users.Core.csproj", "{EB31E20D-098A-4B03-B52A-ADA4F9E1C600}"
EndProject
Project("{2150E333-8FDC-42A3-9474-1A3956D46DE8}") = "PlayLists", "PlayLists", "{29EC119D-1F53-4923-A6D9-107253149665}"
EndProject
Project("{FAE04EC0-301F-11D3-BF4B-00C04F79EFBC}") = "PlayLists.Contracts", "src\PlayLists\PlayLists.Contracts\PlayLists.Contracts.csproj", "{D8BC8A4A-77EC-4C9A-B65D-220177ED0CE6}"
EndProject
Project("{FAE04EC0-301F-11D3-BF4B-00C04F79EFBC}") = "PlayLists.Core", "src\PlayLists\PlayLists.Core\PlayLists.Core.csproj", "{200A9B66-8E76-420D-95AD-DA96D2B9F932}"
EndProject
Project("{2150E333-8FDC-42A3-9474-1A3956D46DE8}") = "Search", "Search", "{8BBD2310-8FA2-456B-A4F2-8D7326C72877}"
EndProject
Project("{FAE04EC0-301F-11D3-BF4B-00C04F79EFBC}") = "Search.Contracts", "src\Search\Search.Contracts\Search.Contracts.csproj", "{7ABC2C61-C4AB-4115-924D-C3A5F9586A5E}"
EndProject
Project("{FAE04EC0-301F-11D3-BF4B-00C04F79EFBC}") = "Search.Core", "src\Search\Search.Core\Search.Core.csproj", "{CC0DDA3C-13C7-4EB4-BA99-0AFF73248E3A}"
EndProject
Project("{2150E333-8FDC-42A3-9474-1A3956D46DE8}") = "tests", "tests", "{3C3BB827-2DEC-4AC9-9A2D-E9D102799F2F}"
EndProject
Project("{2150E333-8FDC-42A3-9474-1A3956D46DE8}") = "FileStreamer", "FileStreamer", "{90288564-01E1-4F7D-A814-3E4A5A9C6430}"
EndProject
Project("{FAE04EC0-301F-11D3-BF4B-00C04F79EFBC}") = "FileStreamer.UnitTests", "tests\FileStreamer\FileStreamer.UnitTests\FileStreamer.UnitTests.csproj", "{E5906040-499C-46A7-ACA1-5905AAB34CC5}"
EndProject
Project("{FAE04EC0-301F-11D3-BF4B-00C04F79EFBC}") = "FileStreamer.IntegrationTests", "tests\FileStreamer\FileStreamer.IntegrationTests\FileStreamer.IntegrationTests.csproj", "{D16A72DF-3309-4018-A47C-904C6D8AE266}"
EndProject
Project("{2150E333-8FDC-42A3-9474-1A3956D46DE8}") = "Search", "Search", "{AA06383C-7000-4BA5-9A74-91DD74BAA9A9}"
EndProject
Project("{FAE04EC0-301F-11D3-BF4B-00C04F79EFBC}") = "Search.UnitTests", "tests\Search\Search.UnitTests\Search.UnitTests.csproj", "{726DC078-E3B5-40BF-B593-B3821641BB6E}"
EndProject
Project("{FAE04EC0-301F-11D3-BF4B-00C04F79EFBC}") = "Search.IntegrationTests", "tests\Search\Search.IntegrationTests\Search.IntegrationTests.csproj", "{2F4B76B4-669A-4193-A8B5-E73A6EB2D312}"
EndProject
Project("{2150E333-8FDC-42A3-9474-1A3956D46DE8}") = "PlayLists", "PlayLists", "{99D2451A-73BF-4C0E-A877-42C84E8F7911}"
EndProject
Project("{FAE04EC0-301F-11D3-BF4B-00C04F79EFBC}") = "PlayLists.IntegrationTests", "tests\PlayLists\PlayLists.IntegrationTests\PlayLists.IntegrationTests.csproj", "{43B98AF6-B537-4EC5-A3F8-A4264515C86F}"
EndProject
Project("{FAE04EC0-301F-11D3-BF4B-00C04F79EFBC}") = "PlayLists.UnitTests", "tests\PlayLists\PlayLists.UnitTests\PlayLists.UnitTests.csproj", "{6FB6CD59-09E8-497B-9FB1-F4D15B31CECE}"
EndProject
Project("{2150E333-8FDC-42A3-9474-1A3956D46DE8}") = "Users", "Users", "{D8067E68-9015-4FDB-8767-966B8F17A869}"
EndProject
Project("{FAE04EC0-301F-11D3-BF4B-00C04F79EFBC}") = "Users.IntegrationTests", "tests\Users\Users.IntegrationTests\Users.IntegrationTests.csproj", "{CE3B7A74-E877-4142-BCD9-B02D02EF9304}"
EndProject
Project("{FAE04EC0-301F-11D3-BF4B-00C04F79EFBC}") = "Users.UnitTests", "tests\Users\Users.UnitTests\Users.UnitTests.csproj", "{227E4CE5-5C96-48B6-ABAA-07565E067F92}"
EndProject
Project("{2150E333-8FDC-42A3-9474-1A3956D46DE8}") = "Shared", "Shared", "{C0E15A72-A2EB-4BE4-9343-4CD7CE269E0F}"
EndProject
Project("{FAE04EC0-301F-11D3-BF4B-00C04F79EFBC}") = "Shared", "src\Shared\Shared\Shared.csproj", "{962D3EDF-9CE1-43B5-BB2C-F7753232B8AD}"
EndProject
Global
	GlobalSection(SolutionConfigurationPlatforms) = preSolution
		Debug|Any CPU = Debug|Any CPU
		Release|Any CPU = Release|Any CPU
	EndGlobalSection
	GlobalSection(SolutionProperties) = preSolution
		HideSolutionNode = FALSE
	EndGlobalSection
	GlobalSection(ProjectConfigurationPlatforms) = postSolution
		{326CD2B2-5B4B-4AB5-A4E9-98A941F1D687}.Debug|Any CPU.ActiveCfg = Debug|Any CPU
		{326CD2B2-5B4B-4AB5-A4E9-98A941F1D687}.Debug|Any CPU.Build.0 = Debug|Any CPU
		{326CD2B2-5B4B-4AB5-A4E9-98A941F1D687}.Release|Any CPU.ActiveCfg = Release|Any CPU
		{326CD2B2-5B4B-4AB5-A4E9-98A941F1D687}.Release|Any CPU.Build.0 = Release|Any CPU
		{7BD7E45E-F1AC-48C0-98C9-B01492F579ED}.Debug|Any CPU.ActiveCfg = Debug|Any CPU
		{7BD7E45E-F1AC-48C0-98C9-B01492F579ED}.Debug|Any CPU.Build.0 = Debug|Any CPU
		{7BD7E45E-F1AC-48C0-98C9-B01492F579ED}.Release|Any CPU.ActiveCfg = Release|Any CPU
		{7BD7E45E-F1AC-48C0-98C9-B01492F579ED}.Release|Any CPU.Build.0 = Release|Any CPU
		{1E610DE0-AD77-4DDF-82C3-B99D7ED7F93F}.Debug|Any CPU.ActiveCfg = Debug|Any CPU
		{1E610DE0-AD77-4DDF-82C3-B99D7ED7F93F}.Debug|Any CPU.Build.0 = Debug|Any CPU
		{1E610DE0-AD77-4DDF-82C3-B99D7ED7F93F}.Release|Any CPU.ActiveCfg = Release|Any CPU
		{1E610DE0-AD77-4DDF-82C3-B99D7ED7F93F}.Release|Any CPU.Build.0 = Release|Any CPU
		{5B799C05-6C27-4BFC-A6A1-123BC182B457}.Debug|Any CPU.ActiveCfg = Debug|Any CPU
		{5B799C05-6C27-4BFC-A6A1-123BC182B457}.Debug|Any CPU.Build.0 = Debug|Any CPU
		{5B799C05-6C27-4BFC-A6A1-123BC182B457}.Release|Any CPU.ActiveCfg = Release|Any CPU
		{5B799C05-6C27-4BFC-A6A1-123BC182B457}.Release|Any CPU.Build.0 = Release|Any CPU
		{29CB5058-CEBA-4BF3-B4C3-DA5770CB66F0}.Debug|Any CPU.ActiveCfg = Debug|Any CPU
		{29CB5058-CEBA-4BF3-B4C3-DA5770CB66F0}.Debug|Any CPU.Build.0 = Debug|Any CPU
		{29CB5058-CEBA-4BF3-B4C3-DA5770CB66F0}.Release|Any CPU.ActiveCfg = Release|Any CPU
		{29CB5058-CEBA-4BF3-B4C3-DA5770CB66F0}.Release|Any CPU.Build.0 = Release|Any CPU
		{EB31E20D-098A-4B03-B52A-ADA4F9E1C600}.Debug|Any CPU.ActiveCfg = Debug|Any CPU
		{EB31E20D-098A-4B03-B52A-ADA4F9E1C600}.Debug|Any CPU.Build.0 = Debug|Any CPU
		{EB31E20D-098A-4B03-B52A-ADA4F9E1C600}.Release|Any CPU.ActiveCfg = Release|Any CPU
		{EB31E20D-098A-4B03-B52A-ADA4F9E1C600}.Release|Any CPU.Build.0 = Release|Any CPU
		{D8BC8A4A-77EC-4C9A-B65D-220177ED0CE6}.Debug|Any CPU.ActiveCfg = Debug|Any CPU
		{D8BC8A4A-77EC-4C9A-B65D-220177ED0CE6}.Debug|Any CPU.Build.0 = Debug|Any CPU
		{D8BC8A4A-77EC-4C9A-B65D-220177ED0CE6}.Release|Any CPU.ActiveCfg = Release|Any CPU
		{D8BC8A4A-77EC-4C9A-B65D-220177ED0CE6}.Release|Any CPU.Build.0 = Release|Any CPU
		{200A9B66-8E76-420D-95AD-DA96D2B9F932}.Debug|Any CPU.ActiveCfg = Debug|Any CPU
		{200A9B66-8E76-420D-95AD-DA96D2B9F932}.Debug|Any CPU.Build.0 = Debug|Any CPU
		{200A9B66-8E76-420D-95AD-DA96D2B9F932}.Release|Any CPU.ActiveCfg = Release|Any CPU
		{200A9B66-8E76-420D-95AD-DA96D2B9F932}.Release|Any CPU.Build.0 = Release|Any CPU
		{7ABC2C61-C4AB-4115-924D-C3A5F9586A5E}.Debug|Any CPU.ActiveCfg = Debug|Any CPU
		{7ABC2C61-C4AB-4115-924D-C3A5F9586A5E}.Debug|Any CPU.Build.0 = Debug|Any CPU
		{7ABC2C61-C4AB-4115-924D-C3A5F9586A5E}.Release|Any CPU.ActiveCfg = Release|Any CPU
		{7ABC2C61-C4AB-4115-924D-C3A5F9586A5E}.Release|Any CPU.Build.0 = Release|Any CPU
		{CC0DDA3C-13C7-4EB4-BA99-0AFF73248E3A}.Debug|Any CPU.ActiveCfg = Debug|Any CPU
		{CC0DDA3C-13C7-4EB4-BA99-0AFF73248E3A}.Debug|Any CPU.Build.0 = Debug|Any CPU
		{CC0DDA3C-13C7-4EB4-BA99-0AFF73248E3A}.Release|Any CPU.ActiveCfg = Release|Any CPU
		{CC0DDA3C-13C7-4EB4-BA99-0AFF73248E3A}.Release|Any CPU.Build.0 = Release|Any CPU
		{E5906040-499C-46A7-ACA1-5905AAB34CC5}.Debug|Any CPU.ActiveCfg = Debug|Any CPU
		{E5906040-499C-46A7-ACA1-5905AAB34CC5}.Debug|Any CPU.Build.0 = Debug|Any CPU
		{E5906040-499C-46A7-ACA1-5905AAB34CC5}.Release|Any CPU.ActiveCfg = Release|Any CPU
		{E5906040-499C-46A7-ACA1-5905AAB34CC5}.Release|Any CPU.Build.0 = Release|Any CPU
		{D16A72DF-3309-4018-A47C-904C6D8AE266}.Debug|Any CPU.ActiveCfg = Debug|Any CPU
		{D16A72DF-3309-4018-A47C-904C6D8AE266}.Debug|Any CPU.Build.0 = Debug|Any CPU
		{D16A72DF-3309-4018-A47C-904C6D8AE266}.Release|Any CPU.ActiveCfg = Release|Any CPU
		{D16A72DF-3309-4018-A47C-904C6D8AE266}.Release|Any CPU.Build.0 = Release|Any CPU
		{726DC078-E3B5-40BF-B593-B3821641BB6E}.Debug|Any CPU.ActiveCfg = Debug|Any CPU
		{726DC078-E3B5-40BF-B593-B3821641BB6E}.Debug|Any CPU.Build.0 = Debug|Any CPU
		{726DC078-E3B5-40BF-B593-B3821641BB6E}.Release|Any CPU.ActiveCfg = Release|Any CPU
		{726DC078-E3B5-40BF-B593-B3821641BB6E}.Release|Any CPU.Build.0 = Release|Any CPU
		{2F4B76B4-669A-4193-A8B5-E73A6EB2D312}.Debug|Any CPU.ActiveCfg = Debug|Any CPU
		{2F4B76B4-669A-4193-A8B5-E73A6EB2D312}.Debug|Any CPU.Build.0 = Debug|Any CPU
		{2F4B76B4-669A-4193-A8B5-E73A6EB2D312}.Release|Any CPU.ActiveCfg = Release|Any CPU
		{2F4B76B4-669A-4193-A8B5-E73A6EB2D312}.Release|Any CPU.Build.0 = Release|Any CPU
		{43B98AF6-B537-4EC5-A3F8-A4264515C86F}.Debug|Any CPU.ActiveCfg = Debug|Any CPU
		{43B98AF6-B537-4EC5-A3F8-A4264515C86F}.Debug|Any CPU.Build.0 = Debug|Any CPU
		{43B98AF6-B537-4EC5-A3F8-A4264515C86F}.Release|Any CPU.ActiveCfg = Release|Any CPU
		{43B98AF6-B537-4EC5-A3F8-A4264515C86F}.Release|Any CPU.Build.0 = Release|Any CPU
		{6FB6CD59-09E8-497B-9FB1-F4D15B31CECE}.Debug|Any CPU.ActiveCfg = Debug|Any CPU
		{6FB6CD59-09E8-497B-9FB1-F4D15B31CECE}.Debug|Any CPU.Build.0 = Debug|Any CPU
		{6FB6CD59-09E8-497B-9FB1-F4D15B31CECE}.Release|Any CPU.ActiveCfg = Release|Any CPU
		{6FB6CD59-09E8-497B-9FB1-F4D15B31CECE}.Release|Any CPU.Build.0 = Release|Any CPU
		{CE3B7A74-E877-4142-BCD9-B02D02EF9304}.Debug|Any CPU.ActiveCfg = Debug|Any CPU
		{CE3B7A74-E877-4142-BCD9-B02D02EF9304}.Debug|Any CPU.Build.0 = Debug|Any CPU
		{CE3B7A74-E877-4142-BCD9-B02D02EF9304}.Release|Any CPU.ActiveCfg = Release|Any CPU
		{CE3B7A74-E877-4142-BCD9-B02D02EF9304}.Release|Any CPU.Build.0 = Release|Any CPU
		{227E4CE5-5C96-48B6-ABAA-07565E067F92}.Debug|Any CPU.ActiveCfg = Debug|Any CPU
		{227E4CE5-5C96-48B6-ABAA-07565E067F92}.Debug|Any CPU.Build.0 = Debug|Any CPU
		{227E4CE5-5C96-48B6-ABAA-07565E067F92}.Release|Any CPU.ActiveCfg = Release|Any CPU
		{227E4CE5-5C96-48B6-ABAA-07565E067F92}.Release|Any CPU.Build.0 = Release|Any CPU
		{962D3EDF-9CE1-43B5-BB2C-F7753232B8AD}.Debug|Any CPU.ActiveCfg = Debug|Any CPU
		{962D3EDF-9CE1-43B5-BB2C-F7753232B8AD}.Debug|Any CPU.Build.0 = Debug|Any CPU
		{962D3EDF-9CE1-43B5-BB2C-F7753232B8AD}.Release|Any CPU.ActiveCfg = Release|Any CPU
		{962D3EDF-9CE1-43B5-BB2C-F7753232B8AD}.Release|Any CPU.Build.0 = Release|Any CPU
	EndGlobalSection
	GlobalSection(NestedProjects) = preSolution
		{326CD2B2-5B4B-4AB5-A4E9-98A941F1D687} = {C8E370D6-4056-4C70-B13C-80268E885274}
		{7BD7E45E-F1AC-48C0-98C9-B01492F579ED} = {C8E370D6-4056-4C70-B13C-80268E885274}
		{60C43979-85A2-4A5B-96EF-C3DEFF375ED1} = {C8E370D6-4056-4C70-B13C-80268E885274}
		{1E610DE0-AD77-4DDF-82C3-B99D7ED7F93F} = {60C43979-85A2-4A5B-96EF-C3DEFF375ED1}
		{5B799C05-6C27-4BFC-A6A1-123BC182B457} = {60C43979-85A2-4A5B-96EF-C3DEFF375ED1}
		{8D513954-7607-470B-A21C-B4BBFE353F1A} = {C8E370D6-4056-4C70-B13C-80268E885274}
		{29CB5058-CEBA-4BF3-B4C3-DA5770CB66F0} = {8D513954-7607-470B-A21C-B4BBFE353F1A}
		{EB31E20D-098A-4B03-B52A-ADA4F9E1C600} = {8D513954-7607-470B-A21C-B4BBFE353F1A}
		{29EC119D-1F53-4923-A6D9-107253149665} = {C8E370D6-4056-4C70-B13C-80268E885274}
		{D8BC8A4A-77EC-4C9A-B65D-220177ED0CE6} = {29EC119D-1F53-4923-A6D9-107253149665}
		{200A9B66-8E76-420D-95AD-DA96D2B9F932} = {29EC119D-1F53-4923-A6D9-107253149665}
		{8BBD2310-8FA2-456B-A4F2-8D7326C72877} = {C8E370D6-4056-4C70-B13C-80268E885274}
		{7ABC2C61-C4AB-4115-924D-C3A5F9586A5E} = {8BBD2310-8FA2-456B-A4F2-8D7326C72877}
		{CC0DDA3C-13C7-4EB4-BA99-0AFF73248E3A} = {8BBD2310-8FA2-456B-A4F2-8D7326C72877}
		{90288564-01E1-4F7D-A814-3E4A5A9C6430} = {3C3BB827-2DEC-4AC9-9A2D-E9D102799F2F}
		{E5906040-499C-46A7-ACA1-5905AAB34CC5} = {90288564-01E1-4F7D-A814-3E4A5A9C6430}
		{D16A72DF-3309-4018-A47C-904C6D8AE266} = {90288564-01E1-4F7D-A814-3E4A5A9C6430}
		{AA06383C-7000-4BA5-9A74-91DD74BAA9A9} = {3C3BB827-2DEC-4AC9-9A2D-E9D102799F2F}
		{726DC078-E3B5-40BF-B593-B3821641BB6E} = {AA06383C-7000-4BA5-9A74-91DD74BAA9A9}
		{2F4B76B4-669A-4193-A8B5-E73A6EB2D312} = {AA06383C-7000-4BA5-9A74-91DD74BAA9A9}
		{99D2451A-73BF-4C0E-A877-42C84E8F7911} = {3C3BB827-2DEC-4AC9-9A2D-E9D102799F2F}
		{43B98AF6-B537-4EC5-A3F8-A4264515C86F} = {99D2451A-73BF-4C0E-A877-42C84E8F7911}
		{6FB6CD59-09E8-497B-9FB1-F4D15B31CECE} = {99D2451A-73BF-4C0E-A877-42C84E8F7911}
		{D8067E68-9015-4FDB-8767-966B8F17A869} = {3C3BB827-2DEC-4AC9-9A2D-E9D102799F2F}
		{CE3B7A74-E877-4142-BCD9-B02D02EF9304} = {D8067E68-9015-4FDB-8767-966B8F17A869}
		{227E4CE5-5C96-48B6-ABAA-07565E067F92} = {D8067E68-9015-4FDB-8767-966B8F17A869}
		{C0E15A72-A2EB-4BE4-9343-4CD7CE269E0F} = {C8E370D6-4056-4C70-B13C-80268E885274}
		{962D3EDF-9CE1-43B5-BB2C-F7753232B8AD} = {C0E15A72-A2EB-4BE4-9343-4CD7CE269E0F}
	EndGlobalSection
EndGlobal
